{
    "name": "f1-telemetry",
    "lockfileVersion": 3,
    "requires": true,
    "packages": {
        "": {
            "name": "f1-telemetry",
            "dependencies": {
                "react": "^19.3.0",
                "react-dom": "^19.3.0",
                "web": "^0.0.2"
            },
            "devDependencies": {
                "typescript": "^5.0.0"
            }
        },
        "node_modules/react": {
            "version": "19.3.0",
            "resolved": "https://registry.npmjs.org/react/-/react-19.3.0.tgz",
            "integrity": "sha512-E8LUcbtBWt20bbl2YoHfx4ZDBdxVTfOKtCZn9cDSJ4l6/nuoApcpIBcj47t2wZoVX8g2ZHuMHbiShgCR1T5Sog==",
            "license": "MIT",
            "engines": {
                "node": ">=0.10.0"
            }
        },
        "node_modules/react-dom": {
            "version": "19.3.0",
            "resolved": "https://registry.npmjs.org/react-dom/-/react-dom-19.3.0.tgz",
            "integrity": "sha512-JDk8dgif51OjFoDE70+OT9ICyYr+69HlmihNwp1+Nsfbna3t5sIiCa9ZJktDmQ4/1b/rn26hIAR2uYXDMr5r0Q==",
            "license": "MIT",
            "dependencies": {
                "scheduler": "^0.28.0"
            },
            "peerDependencies": {
                "react": "^19.3.0"
            }
        },
        "node_modules/scheduler": {
            "version": "0.28.0",
            "resolved": "https://registry.npmjs.org/scheduler/-/scheduler-0.28.0.tgz",
            "integrity": "sha512-juorfCmIkIw8tT+p5BXSm6PJjQF/ycEYmKyzURCIt/RaZIhL+PulbQ9Yu2z1HdOJDdqDTlxA1+xKBmHXJsczAw==",
            "license": "MIT"
        },
        "node_modules/typescript": {
            "version": "5.9.3",
            "resolved": "https://registry.npmjs.org/typescript/-/typescript-5.9.3.tgz",
            "integrity": "sha512-jl1vZzPDinLr9eUt3J/t7V6FgNEw9QjvBPdysz9KfQDD41fQrC2Y4vKQdiaUpFT4bXlb1RHhLpp8wtm6M5TgSw==",
            "dev": true,
            "license": "Apache-2.0",
            "bin": {
                "tsc": "bin/tsc",
                "tsserver": "bin/tsserver"
            },
            "engines": {
                "node": ">=14.17"
            }
        },
        "node_modules/web": {
            "version": "0.0.2",
            "resolved": "https://registry.npmjs.org/web/-/web-0.0.2.tgz",
            "integrity": "sha512-DDf86rBor7Hn4uRgXbCxcOKyP8aiokvkd648k/xjKUO4hQSLvupfDC3dHCBXQ4lJFxYW62/CEWpSINbSQRr57A==",
            "license": "MIT"
        }
    }
}
